{
    "_meta": {
        "hash": {
            "sha256": "9ac9aebbf459ef4dd0ae7a02cc668ae8849cb496871111d55511cbc203a4c69d"
        },
        "pipfile-spec": 6,
        "requires": {
            "python_version": "3.9"
        },
        "sources": [
            {
                "name": "pypi",
                "url": "https://pypi.org/simple",
                "verify_ssl": true
            }
        ]
    },
    "default": {},
    "develop": {}
}
